
Microsoft Visual Studio Solution File, Format Version 12.00
# Visual Studio Version 16
VisualStudioVersion = 16.0.29209.62
MinimumVisualStudioVersion = 10.0.40219.1
Project("{FAE04EC0-301F-11D3-BF4B-00C04F79EFBC}") = "AdaptableMapper", "AdaptableMapper\AdaptableMapper.csproj", "{67899DEC-EC73-4A4B-8E12-6915045573CE}"
EndProject
Project("{FAE04EC0-301F-11D3-BF4B-00C04F79EFBC}") = "AdaptableMapper.TDD", "AdaptableMapper.TDD\AdaptableMapper.TDD.csproj", "{CA567CD1-EFC3-4ED4-B852-C7A0D103039A}"
EndProject
Project("{FAE04EC0-301F-11D3-BF4B-00C04F79EFBC}") = "ModelObjects", "ModelObjects\ModelObjects.csproj", "{590CB8EC-396D-4012-8385-25BA2149EE9A}"
EndProject
Global
	GlobalSection(SolutionConfigurationPlatforms) = preSolution
		Debug|Any CPU = Debug|Any CPU
		Release|Any CPU = Release|Any CPU
	EndGlobalSection
	GlobalSection(ProjectConfigurationPlatforms) = postSolution
		{67899DEC-EC73-4A4B-8E12-6915045573CE}.Debug|Any CPU.ActiveCfg = Debug|Any CPU
		{67899DEC-EC73-4A4B-8E12-6915045573CE}.Debug|Any CPU.Build.0 = Debug|Any CPU
		{67899DEC-EC73-4A4B-8E12-6915045573CE}.Release|Any CPU.ActiveCfg = Release|Any CPU
		{67899DEC-EC73-4A4B-8E12-6915045573CE}.Release|Any CPU.Build.0 = Release|Any CPU
		{CA567CD1-EFC3-4ED4-B852-C7A0D103039A}.Debug|Any CPU.ActiveCfg = Debug|Any CPU
		{CA567CD1-EFC3-4ED4-B852-C7A0D103039A}.Debug|Any CPU.Build.0 = Debug|Any CPU
		{CA567CD1-EFC3-4ED4-B852-C7A0D103039A}.Release|Any CPU.ActiveCfg = Release|Any CPU
		{CA567CD1-EFC3-4ED4-B852-C7A0D103039A}.Release|Any CPU.Build.0 = Release|Any CPU
		{590CB8EC-396D-4012-8385-25BA2149EE9A}.Debug|Any CPU.ActiveCfg = Debug|Any CPU
		{590CB8EC-396D-4012-8385-25BA2149EE9A}.Debug|Any CPU.Build.0 = Debug|Any CPU
		{590CB8EC-396D-4012-8385-25BA2149EE9A}.Release|Any CPU.ActiveCfg = Release|Any CPU
		{590CB8EC-396D-4012-8385-25BA2149EE9A}.Release|Any CPU.Build.0 = Release|Any CPU
	EndGlobalSection
	GlobalSection(SolutionProperties) = preSolution
		HideSolutionNode = FALSE
	EndGlobalSection
	GlobalSection(ExtensibilityGlobals) = postSolution
		SolutionGuid = {0489F204-89B2-449D-965B-1B00086001F9}
	EndGlobalSection
EndGlobal
