
Microsoft Visual Studio Solution File, Format Version 12.00
# Visual Studio Version 16
VisualStudioVersion = 16.0.29209.62
MinimumVisualStudioVersion = 10.0.40219.1
Project("{FAE04EC0-301F-11D3-BF4B-00C04F79EFBC}") = "MappingFramework", "MappingFramework\MappingFramework.csproj", "{67899DEC-EC73-4A4B-8E12-6915045573CE}"
EndProject
Project("{FAE04EC0-301F-11D3-BF4B-00C04F79EFBC}") = "MappingFramework.TDD", "MappingFramework.TDD\MappingFramework.TDD.csproj", "{CA567CD1-EFC3-4ED4-B852-C7A0D103039A}"
EndProject
Project("{FAE04EC0-301F-11D3-BF4B-00C04F79EFBC}") = "MappingFramework.Builder.Tests", "MappingFramework.Builder.Tests\MappingFramework.Builder.Tests.csproj", "{7C734CC8-545F-4F8F-BAAC-9262E3FDDF0F}"
EndProject
Project("{FAE04EC0-301F-11D3-BF4B-00C04F79EFBC}") = "MappingFramework.Builder", "MappingFramework.Builder\MappingFramework.Builder.csproj", "{F3E0249C-405C-43E0-A533-0FD4AF8A8B54}"
EndProject
Project("{FAE04EC0-301F-11D3-BF4B-00C04F79EFBC}") = "MappingInterface", "MappingInterface\MappingInterface.csproj", "{C3EBF298-C1EA-4DDC-A56A-6FA13A84BCD2}"
EndProject
Global
	GlobalSection(SolutionConfigurationPlatforms) = preSolution
		Debug|Any CPU = Debug|Any CPU
		Release|Any CPU = Release|Any CPU
	EndGlobalSection
	GlobalSection(ProjectConfigurationPlatforms) = postSolution
		{67899DEC-EC73-4A4B-8E12-6915045573CE}.Debug|Any CPU.ActiveCfg = Debug|Any CPU
		{67899DEC-EC73-4A4B-8E12-6915045573CE}.Debug|Any CPU.Build.0 = Debug|Any CPU
		{67899DEC-EC73-4A4B-8E12-6915045573CE}.Release|Any CPU.ActiveCfg = Release|Any CPU
		{67899DEC-EC73-4A4B-8E12-6915045573CE}.Release|Any CPU.Build.0 = Release|Any CPU
		{CA567CD1-EFC3-4ED4-B852-C7A0D103039A}.Debug|Any CPU.ActiveCfg = Debug|Any CPU
		{CA567CD1-EFC3-4ED4-B852-C7A0D103039A}.Debug|Any CPU.Build.0 = Debug|Any CPU
		{CA567CD1-EFC3-4ED4-B852-C7A0D103039A}.Release|Any CPU.ActiveCfg = Release|Any CPU
		{CA567CD1-EFC3-4ED4-B852-C7A0D103039A}.Release|Any CPU.Build.0 = Release|Any CPU
		{7C734CC8-545F-4F8F-BAAC-9262E3FDDF0F}.Debug|Any CPU.ActiveCfg = Debug|Any CPU
		{7C734CC8-545F-4F8F-BAAC-9262E3FDDF0F}.Debug|Any CPU.Build.0 = Debug|Any CPU
		{7C734CC8-545F-4F8F-BAAC-9262E3FDDF0F}.Release|Any CPU.ActiveCfg = Release|Any CPU
		{7C734CC8-545F-4F8F-BAAC-9262E3FDDF0F}.Release|Any CPU.Build.0 = Release|Any CPU
		{F3E0249C-405C-43E0-A533-0FD4AF8A8B54}.Debug|Any CPU.ActiveCfg = Debug|Any CPU
		{F3E0249C-405C-43E0-A533-0FD4AF8A8B54}.Debug|Any CPU.Build.0 = Debug|Any CPU
		{F3E0249C-405C-43E0-A533-0FD4AF8A8B54}.Release|Any CPU.ActiveCfg = Release|Any CPU
		{F3E0249C-405C-43E0-A533-0FD4AF8A8B54}.Release|Any CPU.Build.0 = Release|Any CPU
		{C3EBF298-C1EA-4DDC-A56A-6FA13A84BCD2}.Debug|Any CPU.ActiveCfg = Debug|Any CPU
		{C3EBF298-C1EA-4DDC-A56A-6FA13A84BCD2}.Debug|Any CPU.Build.0 = Debug|Any CPU
		{C3EBF298-C1EA-4DDC-A56A-6FA13A84BCD2}.Release|Any CPU.ActiveCfg = Release|Any CPU
		{C3EBF298-C1EA-4DDC-A56A-6FA13A84BCD2}.Release|Any CPU.Build.0 = Release|Any CPU
	EndGlobalSection
	GlobalSection(SolutionProperties) = preSolution
		HideSolutionNode = FALSE
	EndGlobalSection
	GlobalSection(ExtensibilityGlobals) = postSolution
		SolutionGuid = {0489F204-89B2-449D-965B-1B00086001F9}
	EndGlobalSection
EndGlobal
